DEPENDENCIES
  alb_support
    path: alb_support
  apache2 (~> 5.2.1)
  application_git
  apt
  ark
  bluepill
  build-essential
  gearman (~> 0.0.1)
  imagemagick
  mysql
  mysql_connector (~> 0.8.1)
  newrelic
    path: newrelic_cookbook
  nginx (~> 8.1.6)
  nodejs
  openresty (~> 0.6.2)
  openssl
  php (~> 6.1.1)
  phpapp
    path: phpapp
  phpmyadmin
    path: phpmyadmin_cookbook
  poise-python (~> 1.7.0)
  seven_zip (~> 2.0.2)
  supervisor
  yum

GRAPH
  alb_support (0.0.0)
  apache2 (5.2.1)
  application (5.2.0)
    poise (~> 2.4)
    poise-service (~> 1.0)
  application_git (1.2.0)
    application (~> 5.0)
    poise (~> 2.0)
    poise-git (~> 1.0)
  apt (7.2.0)
  ark (5.0.0)
    seven_zip (>= 0.0.0)
  bluepill (4.1.1)
    rsyslog (>= 2.0)
  build-essential (8.2.1)
    mingw (>= 1.1)
    seven_zip (>= 0.0.0)
  gearman (0.0.1)
  git (10.0.0)
  imagemagick (0.2.3)
  jemalloc (0.1.7)
    build-essential (>= 0.0.0)
  logrotate (2.2.2)
  mingw (2.1.0)
    seven_zip (>= 0.0.0)
  mysql (8.6.0)
  mysql_connector (0.8.1)
  newrelic (1.2.0)
  nginx (8.1.6)
    build-essential (>= 5.0)
    ohai (>= 4.1.0)
    yum-epel (>= 0.0.0)
    zypper (>= 0.0.0)
  nodejs (6.0.0)
    ark (>= 2.0.2)
    build-essential (>= 5.0)
  ohai (5.3.0)
  openresty (0.6.2)
    apt (>= 0.0.0)
    build-essential (>= 0.0.0)
    git (>= 0.0.0)
    jemalloc (~> 0.1.7)
    logrotate (>= 0.0.0)
    ohai (~> 5.0)
    postgresql (>= 0.0.0)
    yum (>= 0.0.0)
  openssl (8.5.5)
  php (6.1.1)
    build-essential (>= 5.0)
    yum-epel (>= 0.0.0)
  phpapp (0.8.0)
    apache2 (>= 0.0.0)
    application_git (>= 0.0.0)
    apt (>= 0.0.0)
    build-essential (>= 0.0.0)
    gearman (~> 0.0.1)
    imagemagick (>= 0.0.0)
    mysql (>= 0.0.0)
    mysql_connector (~> 0.8.1)
    nginx (>= 0.0.0)
    nodejs (>= 0.0.0)
    openresty (~> 0.6.2)
    php (>= 0.0.0)
    phpmyadmin (>= 0.0.0)
    supervisor (>= 0.0.0)
    yum (>= 0.0.0)
  phpmyadmin (1.0.4)
    apache2 (>= 0.0.0)
    nginx (>= 0.0.0)
    php (>= 0.0.0)
  poise (2.8.2)
  poise-archive (1.5.0)
    poise (~> 2.6)
  poise-git (1.0.0)
    poise (~> 2.6)
    poise-languages (~> 2.1)
  poise-languages (2.1.2)
    poise (~> 2.5)
    poise-archive (~> 1.0)
  poise-python (1.7.0)
    poise (~> 2.7)
    poise-languages (~> 2.0)
  poise-service (1.5.2)
    poise (~> 2.0)
  postgresql (7.1.8)
  python (1.4.6)
    build-essential (>= 0.0.0)
    yum-epel (>= 0.0.0)
  rsyslog (7.0.1)
  seven_zip (2.0.2)
    windows (>= 1.2.2)
  supervisor (0.4.12)
    python (>= 0.0.0)
  windows (6.0.1)
  yum (5.1.0)
  yum-epel (3.3.0)
  zypper (0.4.0)
