DEPENDENCIES
  apache2
  application_git
  apt
  ark
  bluepill
  build-essential
  gearman
  imagemagick
  mysql
  newrelic
    path: newrelic_cookbook
  nodejs
  openssl
  php
  phpapp
    path: phpapp
  phpmyadmin
    path: phpmyadmin_cookbook
  supervisor
  yum

GRAPH
  apache2 (5.0.1)
  application (5.2.0)
    poise (~> 2.4)
    poise-service (~> 1.0)
  application_git (1.2.0)
    application (~> 5.0)
    poise (~> 2.0)
    poise-git (~> 1.0)
  apt (7.0.0)
  ark (4.0.0)
    build-essential (>= 0.0.0)
    seven_zip (>= 0.0.0)
  bluepill (4.1.0)
    rsyslog (>= 2.0)
  build-essential (8.1.1)
    mingw (>= 1.1)
    seven_zip (>= 0.0.0)
  gearman (0.0.1)
  imagemagick (0.2.3)
  mingw (2.1.0)
    seven_zip (>= 0.0.0)
  mysql (8.5.1)
  newrelic (1.2.0)
  nginx (8.1.5)
    build-essential (>= 5.0)
    ohai (>= 4.1.0)
    yum-epel (>= 0.0.0)
    zypper (>= 0.0.0)
  nodejs (5.0.0)
    ark (>= 2.0.2)
    build-essential (>= 0.0.0)
  ohai (5.2.3)
  openssl (8.5.0)
  php (6.1.1)
    build-essential (>= 5.0)
    yum-epel (>= 0.0.0)
  phpapp (0.8.0)
    apache2 (>= 0.0.0)
    application_git (>= 0.0.0)
    apt (>= 0.0.0)
    build-essential (>= 0.0.0)
    gearman (>= 0.0.0)
    imagemagick (>= 0.0.0)
    nodejs (>= 0.0.0)
    php (>= 0.0.0)
    phpmyadmin (>= 0.0.0)
    supervisor (>= 0.0.0)
    yum (>= 0.0.0)
  phpmyadmin (1.0.4)
    apache2 (>= 0.0.0)
    nginx (>= 0.0.0)
    php (>= 0.0.0)
  poise (2.8.2)
  poise-archive (1.5.0)
    poise (~> 2.6)
  poise-git (1.0.0)
    poise (~> 2.6)
    poise-languages (~> 2.1)
  poise-languages (2.1.2)
    poise (~> 2.5)
    poise-archive (~> 1.0)
  poise-service (1.5.2)
    poise (~> 2.0)
  python (1.4.6)
    build-essential (>= 0.0.0)
    yum-epel (>= 0.0.0)
  rsyslog (6.0.7)
  seven_zip (3.0.0)
    windows (>= 0.0.0)
  supervisor (0.4.12)
    python (>= 0.0.0)
  windows (5.0.0)
  yum (5.1.0)
  yum-epel (3.2.0)
  zypper (0.4.0)
